# Axiolune M2 Finance — External References Lock
# Locks external knowledge sources for reproducible builds (M2-PLAN §3.2, §3.4).
# Each entry fixes the release/commit, license, retrieval date, and artifact digest
# of an external source used as evidence for M2 concept definitions.

references:
  # ---- FIBO ----
  - id: "fibo-2026Q1"
    authority: "EDM Council / OMG"
    releaseOrCommit: "2026Q1"
    artifactUrl: "https://github.com/edmcouncil/fibo"
    artifactDigest: "sha256:0000000000000000000000000000000000000000000000000000000000000000"
    license: "MIT"
    retrievalDate: "2026-07-30"
    maturity: "Release"
    note: "Version-independent IRIs used as canonical; version-specific IRIs noted per alignment. Commons (cmns-*) definitions referenced via FIBO imports but Commons .rdf sources not in local reference tree."
    localPath: "docs/meta/reference/ontology-design-reference/fibo/"

  # ---- ISO standards (referenced, not locally stored) ----
  - id: "iso-6166"
    authority: "ISO"
    releaseOrCommit: "ISO 6166:2021"
    artifactUrl: "https://www.iso.org/standard/78502.html"
    artifactDigest: "sha256:0000000000000000000000000000000000000000000000000000000000000000"
    license: "ISO Copyright (paywalled)"
    retrievalDate: "2026-07-30"
    note: "ISIN specification; definition referenced from FIBO SEC/SecuritiesIdentification"

  - id: "iso-10383"
    authority: "ISO"
    releaseOrCommit: "ISO 10383:2012"
    artifactUrl: "https://www.iso.org/standard/61140.html"
    artifactDigest: "sha256:0000000000000000000000000000000000000000000000000000000000000000"
    license: "ISO Copyright (paywalled)"
    retrievalDate: "2026-07-30"
    note: "MIC specification; definition referenced from FIBO FBC/Markets"

  - id: "iso-17442"
    authority: "ISO / GLEIF"
    releaseOrCommit: "ISO 17442:2020"
    artifactUrl: "https://www.iso.org/standard/78829.html"
    artifactDigest: "sha256:0000000000000000000000000000000000000000000000000000000000000000"
    license: "ISO Copyright (paywalled)"
    retrievalDate: "2026-07-30"
    note: "LEI specification; definition referenced from FIBO BE/LegalEntities/LEIEntities"

  - id: "iso-10962"
    authority: "ISO"
    releaseOrCommit: "ISO 10962:2021"
    artifactUrl: "https://www.iso.org/standard/73690.html"
    artifactDigest: "sha256:0000000000000000000000000000000000000000000000000000000000000000"
    license: "ISO Copyright (paywalled)"
    retrievalDate: "2026-07-30"
    note: "CFI (Classification of Financial Instruments) specification"

  # ---- Quantitative trading system references (implementation evidence) ----
  - id: "nautilus-trader"
    authority: "Nautech Systems"
    releaseOrCommit: "v1.195.0"
    artifactUrl: "https://github.com/nautechsystems/nautilus_trader"
    artifactDigest: "sha256:0000000000000000000000000000000000000000000000000000000000000000"
    license: "LGPL-3.0"
    retrievalDate: "2026-07-30"
    note: "Instrument hierarchy (19 types), order FSM (15 states), event-sourced positions. Used as implementation evidence, not canonical ontology source."
    localPath: "docs/meta/reference/project-reference/nautilus_trader/"

  - id: "lean"
    authority: "QuantConnect"
    releaseOrCommit: "master"
    artifactUrl: "https://github.com/QuantConnect/Lean"
    artifactDigest: "sha256:0000000000000000000000000000000000000000000000000000000000000000"
    license: "Apache-2.0"
    retrievalDate: "2026-07-30"
    note: "SecurityType enum (12 types), Greeks, combo orders. Implementation evidence only."
    localPath: "docs/meta/reference/project-reference/Lean/"

  - id: "qlib"
    authority: "Microsoft"
    releaseOrCommit: "master"
    artifactUrl: "https://github.com/microsoft/qlib"
    artifactDigest: "sha256:0000000000000000000000000000000000000000000000000000000000000000"
    license: "MIT"
    retrievalDate: "2026-07-30"
    note: "PITProvider (period-time vs observation-time), Expression DSL. Implementation evidence only."
    localPath: "docs/meta/reference/project-reference/qlib/"
